
Microsoft Visual Studio Solution File, Format Version 12.00
# Visual Studio Version 16
VisualStudioVersion = 16.0.30002.166
MinimumVisualStudioVersion = 10.0.40219.1
Project("{FAE04EC0-301F-11D3-BF4B-00C04F79EFBC}") = "SchoolPortal", "SchoolPortal\SchoolPortal.csproj", "{62699B8D-F42F-421B-8446-28566ED79D95}"
EndProject
Global
	GlobalSection(SolutionConfigurationPlatforms) = preSolution
		Debug|Any CPU = Debug|Any CPU
		Release|Any CPU = Release|Any CPU
	EndGlobalSection
	GlobalSection(ProjectConfigurationPlatforms) = postSolution
		{62699B8D-F42F-421B-8446-28566ED79D95}.Debug|Any CPU.ActiveCfg = Debug|Any CPU
		{62699B8D-F42F-421B-8446-28566ED79D95}.Debug|Any CPU.Build.0 = Debug|Any CPU
		{62699B8D-F42F-421B-8446-28566ED79D95}.Release|Any CPU.ActiveCfg = Release|Any CPU
		{62699B8D-F42F-421B-8446-28566ED79D95}.Release|Any CPU.Build.0 = Release|Any CPU
	EndGlobalSection
	GlobalSection(SolutionProperties) = preSolution
		HideSolutionNode = FALSE
	EndGlobalSection
	GlobalSection(ExtensibilityGlobals) = postSolution
		SolutionGuid = {260EAD37-ADDB-418D-83FA-6BF02DC398BB}
	EndGlobalSection
EndGlobal
